// !$*UTF8*$!
{
	archiveVersion = 1;
	classes = {
	};
	objectVersion = 46;
	objects = {

/* Begin PBXBuildFile section */
		FAB1B51B18FF6A8C00497467 /* Foundation.framework in Frameworks */ = {isa = PBXBuildFile; fileRef = FAB1B51A18FF6A8C00497467 /* Foundation.framework */; };
		FAB1B51D18FF6A8C00497467 /* CoreGraphics.framework in Frameworks */ = {isa = PBXBuildFile; fileRef = FAB1B51C18FF6A8C00497467 /* CoreGraphics.framework */; };
		FAB1B51F18FF6A8C00497467 /* UIKit.framework in Frameworks */ = {isa = PBXBuildFile; fileRef = FAB1B51E18FF6A8C00497467 /* UIKit.framework */; };
		FAB1B52118FF6A8C00497467 /* CoreData.framework in Frameworks */ = {isa = PBXBuildFile; fileRef = FAB1B52018FF6A8C00497467 /* CoreData.framework */; };
		FAB1B52718FF6A8C00497467 /* InfoPlist.strings in Resources */ = {isa = PBXBuildFile; fileRef = FAB1B52518FF6A8C00497467 /* InfoPlist.strings */; };
		FAB1B52918FF6A8C00497467 /* main.m in Sources */ = {isa = PBXBuildFile; fileRef = FAB1B52818FF6A8C00497467 /* main.m */; };
		FAB1B52D18FF6A8C00497467 /* ESSAppDelegate.m in Sources */ = {isa = PBXBuildFile; fileRef = FAB1B52C18FF6A8C00497467 /* ESSAppDelegate.m */; };
		FAB1B53018FF6A8C00497467 /* Effective_Spotify_Server.xcdatamodeld in Sources */ = {isa = PBXBuildFile; fileRef = FAB1B52E18FF6A8C00497467 /* Effective_Spotify_Server.xcdatamodeld */; };
		FAB1B53218FF6A8C00497467 /* Images.xcassets in Resources */ = {isa = PBXBuildFile; fileRef = FAB1B53118FF6A8C00497467 /* Images.xcassets */; };
		FAB1B53918FF6A8C00497467 /* XCTest.framework in Frameworks */ = {isa = PBXBuildFile; fileRef = FAB1B53818FF6A8C00497467 /* XCTest.framework */; };
		FAB1B53A18FF6A8C00497467 /* Foundation.framework in Frameworks */ = {isa = PBXBuildFile; fileRef = FAB1B51A18FF6A8C00497467 /* Foundation.framework */; };
		FAB1B53B18FF6A8C00497467 /* UIKit.framework in Frameworks */ = {isa = PBXBuildFile; fileRef = FAB1B51E18FF6A8C00497467 /* UIKit.framework */; };
		FAB1B53C18FF6A8C00497467 /* CoreData.framework in Frameworks */ = {isa = PBXBuildFile; fileRef = FAB1B52018FF6A8C00497467 /* CoreData.framework */; };
		FAB1B54418FF6A8C00497467 /* InfoPlist.strings in Resources */ = {isa = PBXBuildFile; fileRef = FAB1B54218FF6A8C00497467 /* InfoPlist.strings */; };
		FAB1B54618FF6A8C00497467 /* Effective_Spotify_ServerTests.m in Sources */ = {isa = PBXBuildFile; fileRef = FAB1B54518FF6A8C00497467 /* Effective_Spotify_ServerTests.m */; };
		FAB1B58118FF7B7F00497467 /* Spotify.framework in Frameworks */ = {isa = PBXBuildFile; fileRef = FAB1B58018FF7B7F00497467 /* Spotify.framework */; };
		FAB1B58518FF80B600497467 /* ESSServer.m in Sources */ = {isa = PBXBuildFile; fileRef = FAB1B58418FF80B600497467 /* ESSServer.m */; };
		FAB1B5AA18FF84E500497467 /* ImageServlet.m in Sources */ = {isa = PBXBuildFile; fileRef = FAB1B59118FF84E500497467 /* ImageServlet.m */; };
		FAB1B5AD18FF84E500497467 /* mongoose.c in Sources */ = {isa = PBXBuildFile; fileRef = FAB1B59418FF84E500497467 /* mongoose.c */; };
		FAB1B5AE18FF84E500497467 /* MongooseServer.m in Sources */ = {isa = PBXBuildFile; fileRef = FAB1B59718FF84E500497467 /* MongooseServer.m */; };
		FAB1B5B218FF84E500497467 /* Servlet.m in Sources */ = {isa = PBXBuildFile; fileRef = FAB1B59F18FF84E500497467 /* Servlet.m */; };
		FAB1B5B318FF84E500497467 /* ServletRequest.m in Sources */ = {isa = PBXBuildFile; fileRef = FAB1B5A118FF84E500497467 /* ServletRequest.m */; };
		FAB1B5B418FF84E500497467 /* ServletResponse.m in Sources */ = {isa = PBXBuildFile; fileRef = FAB1B5A318FF84E500497467 /* ServletResponse.m */; };
		FAB1B5B518FF84E500497467 /* UploadServlet.m in Sources */ = {isa = PBXBuildFile; fileRef = FAB1B5A518FF84E500497467 /* UploadServlet.m */; };
		FADF84191914104E00D7E7D4 /* libOCMock.a in Frameworks */ = {isa = PBXBuildFile; fileRef = FADF84181914104E00D7E7D4 /* libOCMock.a */; };
		FADF84211914108300D7E7D4 /* libOCMock.a in Frameworks */ = {isa = PBXBuildFile; fileRef = FADF84181914104E00D7E7D4 /* libOCMock.a */; };
		FADF84231914113F00D7E7D4 /* Main.storyboard in Resources */ = {isa = PBXBuildFile; fileRef = FADF84221914113F00D7E7D4 /* Main.storyboard */; };
		FADF84271917FB1A00D7E7D4 /* ESSLandingPageViewController.m in Sources */ = {isa = PBXBuildFile; fileRef = FADF84261917FB1A00D7E7D4 /* ESSLandingPageViewController.m */; };
		FADF842A1917FB3500D7E7D4 /* ESSLandingPageView.m in Sources */ = {isa = PBXBuildFile; fileRef = FADF84291917FB3500D7E7D4 /* ESSLandingPageView.m */; };
		FADF842D1917FBED00D7E7D4 /* ESSLandingPageModel.m in Sources */ = {isa = PBXBuildFile; fileRef = FADF842C1917FBED00D7E7D4 /* ESSLandingPageModel.m */; };
		FADF842F1918054B00D7E7D4 /* ESSLandingPageViewControllerTests.m in Sources */ = {isa = PBXBuildFile; fileRef = FADF842E1918054B00D7E7D4 /* ESSLandingPageViewControllerTests.m */; };
		FADF84311918089600D7E7D4 /* ESSLandingPageModelTests.m in Sources */ = {isa = PBXBuildFile; fileRef = FADF84301918089600D7E7D4 /* ESSLandingPageModelTests.m */; };
/* End PBXBuildFile section */

/* Begin PBXContainerItemProxy section */
		FAB1B53D18FF6A8C00497467 /* PBXContainerItemProxy */ = {
			isa = PBXContainerItemProxy;
			containerPortal = FAB1B50F18FF6A8C00497467 /* Project object */;
			proxyType = 1;
			remoteGlobalIDString = FAB1B51618FF6A8C00497467;
			remoteInfo = "Effective-Spotify-Server";
		};
/* End PBXContainerItemProxy section */

/* Begin PBXFileReference section */
		FAB1B51718FF6A8C00497467 /* Effective-Spotify-Server.app */ = {isa = PBXFileReference; explicitFileType = wrapper.application; includeInIndex = 0; path = "Effective-Spotify-Server.app"; sourceTree = BUILT_PRODUCTS_DIR; };
		FAB1B51A18FF6A8C00497467 /* Foundation.framework */ = {isa = PBXFileReference; lastKnownFileType = wrapper.framework; name = Foundation.framework; path = System/Library/Frameworks/Foundation.framework; sourceTree = SDKROOT; };
		FAB1B51C18FF6A8C00497467 /* CoreGraphics.framework */ = {isa = PBXFileReference; lastKnownFileType = wrapper.framework; name = CoreGraphics.framework; path = System/Library/Frameworks/CoreGraphics.framework; sourceTree = SDKROOT; };
		FAB1B51E18FF6A8C00497467 /* UIKit.framework */ = {isa = PBXFileReference; lastKnownFileType = wrapper.framework; name = UIKit.framework; path = System/Library/Frameworks/UIKit.framework; sourceTree = SDKROOT; };
		FAB1B52018FF6A8C00497467 /* CoreData.framework */ = {isa = PBXFileReference; lastKnownFileType = wrapper.framework; name = CoreData.framework; path = System/Library/Frameworks/CoreData.framework; sourceTree = SDKROOT; };
		FAB1B52418FF6A8C00497467 /* Effective-Spotify-Server-Info.plist */ = {isa = PBXFileReference; lastKnownFileType = text.plist.xml; path = "Effective-Spotify-Server-Info.plist"; sourceTree = "<group>"; };
		FAB1B52618FF6A8C00497467 /* en */ = {isa = PBXFileReference; lastKnownFileType = text.plist.strings; name = en; path = en.lproj/InfoPlist.strings; sourceTree = "<group>"; };
		FAB1B52818FF6A8C00497467 /* main.m */ = {isa = PBXFileReference; lastKnownFileType = sourcecode.c.objc; path = main.m; sourceTree = "<group>"; };
		FAB1B52A18FF6A8C00497467 /* Effective-Spotify-Server-Prefix.pch */ = {isa = PBXFileReference; lastKnownFileType = sourcecode.c.h; path = "Effective-Spotify-Server-Prefix.pch"; sourceTree = "<group>"; };
		FAB1B52B18FF6A8C00497467 /* ESSAppDelegate.h */ = {isa = PBXFileReference; lastKnownFileType = sourcecode.c.h; path = ESSAppDelegate.h; sourceTree = "<group>"; };
		FAB1B52C18FF6A8C00497467 /* ESSAppDelegate.m */ = {isa = PBXFileReference; lastKnownFileType = sourcecode.c.objc; path = ESSAppDelegate.m; sourceTree = "<group>"; };
		FAB1B52F18FF6A8C00497467 /* Effective_Spotify_Server.xcdatamodel */ = {isa = PBXFileReference; lastKnownFileType = wrapper.xcdatamodel; path = Effective_Spotify_Server.xcdatamodel; sourceTree = "<group>"; };
		FAB1B53118FF6A8C00497467 /* Images.xcassets */ = {isa = PBXFileReference; lastKnownFileType = folder.assetcatalog; path = Images.xcassets; sourceTree = "<group>"; };
		FAB1B53718FF6A8C00497467 /* Effective-Spotify-ServerTests.xctest */ = {isa = PBXFileReference; explicitFileType = wrapper.cfbundle; includeInIndex = 0; path = "Effective-Spotify-ServerTests.xctest"; sourceTree = BUILT_PRODUCTS_DIR; };
		FAB1B53818FF6A8C00497467 /* XCTest.framework */ = {isa = PBXFileReference; lastKnownFileType = wrapper.framework; name = XCTest.framework; path = Library/Frameworks/XCTest.framework; sourceTree = DEVELOPER_DIR; };
		FAB1B54118FF6A8C00497467 /* Effective-Spotify-ServerTests-Info.plist */ = {isa = PBXFileReference; lastKnownFileType = text.plist.xml; path = "Effective-Spotify-ServerTests-Info.plist"; sourceTree = "<group>"; };
		FAB1B54318FF6A8C00497467 /* en */ = {isa = PBXFileReference; lastKnownFileType = text.plist.strings; name = en; path = en.lproj/InfoPlist.strings; sourceTree = "<group>"; };
		FAB1B54518FF6A8C00497467 /* Effective_Spotify_ServerTests.m */ = {isa = PBXFileReference; lastKnownFileType = sourcecode.c.objc; path = Effective_Spotify_ServerTests.m; sourceTree = "<group>"; };
		FAB1B58018FF7B7F00497467 /* Spotify.framework */ = {isa = PBXFileReference; lastKnownFileType = wrapper.framework; path = Spotify.framework; sourceTree = "<group>"; };
		FAB1B58318FF80B600497467 /* ESSServer.h */ = {isa = PBXFileReference; fileEncoding = 4; lastKnownFileType = sourcecode.c.h; path = ESSServer.h; sourceTree = "<group>"; };
		FAB1B58418FF80B600497467 /* ESSServer.m */ = {isa = PBXFileReference; fileEncoding = 4; lastKnownFileType = sourcecode.c.objc; path = ESSServer.m; sourceTree = "<group>"; };
		FAB1B59018FF84E500497467 /* ImageServlet.h */ = {isa = PBXFileReference; fileEncoding = 4; lastKnownFileType = sourcecode.c.h; path = ImageServlet.h; sourceTree = "<group>"; };
		FAB1B59118FF84E500497467 /* ImageServlet.m */ = {isa = PBXFileReference; fileEncoding = 4; lastKnownFileType = sourcecode.c.objc; path = ImageServlet.m; sourceTree = "<group>"; };
		FAB1B59418FF84E500497467 /* mongoose.c */ = {isa = PBXFileReference; fileEncoding = 4; lastKnownFileType = sourcecode.c.c; path = mongoose.c; sourceTree = "<group>"; };
		FAB1B59518FF84E500497467 /* mongoose.h */ = {isa = PBXFileReference; fileEncoding = 4; lastKnownFileType = sourcecode.c.h; path = mongoose.h; sourceTree = "<group>"; };
		FAB1B59618FF84E500497467 /* MongooseServer.h */ = {isa = PBXFileReference; fileEncoding = 4; lastKnownFileType = sourcecode.c.h; path = MongooseServer.h; sourceTree = "<group>"; };
		FAB1B59718FF84E500497467 /* MongooseServer.m */ = {isa = PBXFileReference; fileEncoding = 4; lastKnownFileType = sourcecode.c.objc; path = MongooseServer.m; sourceTree = "<group>"; };
		FAB1B59E18FF84E500497467 /* Servlet.h */ = {isa = PBXFileReference; fileEncoding = 4; lastKnownFileType = sourcecode.c.h; path = Servlet.h; sourceTree = "<group>"; };
		FAB1B59F18FF84E500497467 /* Servlet.m */ = {isa = PBXFileReference; fileEncoding = 4; lastKnownFileType = sourcecode.c.objc; path = Servlet.m; sourceTree = "<group>"; };
		FAB1B5A018FF84E500497467 /* ServletRequest.h */ = {isa = PBXFileReference; fileEncoding = 4; lastKnownFileType = sourcecode.c.h; path = ServletRequest.h; sourceTree = "<group>"; };
		FAB1B5A118FF84E500497467 /* ServletRequest.m */ = {isa = PBXFileReference; fileEncoding = 4; lastKnownFileType = sourcecode.c.objc; path = ServletRequest.m; sourceTree = "<group>"; };
		FAB1B5A218FF84E500497467 /* ServletResponse.h */ = {isa = PBXFileReference; fileEncoding = 4; lastKnownFileType = sourcecode.c.h; path = ServletResponse.h; sourceTree = "<group>"; };
		FAB1B5A318FF84E500497467 /* ServletResponse.m */ = {isa = PBXFileReference; fileEncoding = 4; lastKnownFileType = sourcecode.c.objc; path = ServletResponse.m; sourceTree = "<group>"; };
		FAB1B5A418FF84E500497467 /* UploadServlet.h */ = {isa = PBXFileReference; fileEncoding = 4; lastKnownFileType = sourcecode.c.h; path = UploadServlet.h; sourceTree = "<group>"; };
		FAB1B5A518FF84E500497467 /* UploadServlet.m */ = {isa = PBXFileReference; fileEncoding = 4; lastKnownFileType = sourcecode.c.objc; path = UploadServlet.m; sourceTree = "<group>"; };
		FADF84181914104E00D7E7D4 /* libOCMock.a */ = {isa = PBXFileReference; lastKnownFileType = archive.ar; path = libOCMock.a; sourceTree = "<group>"; };
		FADF841B1914105D00D7E7D4 /* NSNotificationCenter+OCMAdditions.h */ = {isa = PBXFileReference; fileEncoding = 4; lastKnownFileType = sourcecode.c.h; path = "NSNotificationCenter+OCMAdditions.h"; sourceTree = "<group>"; };
		FADF841C1914105D00D7E7D4 /* OCMArg.h */ = {isa = PBXFileReference; fileEncoding = 4; lastKnownFileType = sourcecode.c.h; path = OCMArg.h; sourceTree = "<group>"; };
		FADF841D1914105D00D7E7D4 /* OCMConstraint.h */ = {isa = PBXFileReference; fileEncoding = 4; lastKnownFileType = sourcecode.c.h; path = OCMConstraint.h; sourceTree = "<group>"; };
		FADF841E1914105D00D7E7D4 /* OCMock.h */ = {isa = PBXFileReference; fileEncoding = 4; lastKnownFileType = sourcecode.c.h; path = OCMock.h; sourceTree = "<group>"; };
		FADF841F1914105D00D7E7D4 /* OCMockObject.h */ = {isa = PBXFileReference; fileEncoding = 4; lastKnownFileType = sourcecode.c.h; path = OCMockObject.h; sourceTree = "<group>"; };
		FADF84201914105D00D7E7D4 /* OCMockRecorder.h */ = {isa = PBXFileReference; fileEncoding = 4; lastKnownFileType = sourcecode.c.h; path = OCMockRecorder.h; sourceTree = "<group>"; };
		FADF84221914113F00D7E7D4 /* Main.storyboard */ = {isa = PBXFileReference; fileEncoding = 4; lastKnownFileType = file.storyboard; path = Main.storyboard; sourceTree = "<group>"; };
		FADF84251917FB1A00D7E7D4 /* ESSLandingPageViewController.h */ = {isa = PBXFileReference; fileEncoding = 4; lastKnownFileType = sourcecode.c.h; path = ESSLandingPageViewController.h; sourceTree = "<group>"; };
		FADF84261917FB1A00D7E7D4 /* ESSLandingPageViewController.m */ = {isa = PBXFileReference; fileEncoding = 4; lastKnownFileType = sourcecode.c.objc; path = ESSLandingPageViewController.m; sourceTree = "<group>"; };
		FADF84281917FB3500D7E7D4 /* ESSLandingPageView.h */ = {isa = PBXFileReference; fileEncoding = 4; lastKnownFileType = sourcecode.c.h; path = ESSLandingPageView.h; sourceTree = "<group>"; };
		FADF84291917FB3500D7E7D4 /* ESSLandingPageView.m */ = {isa = PBXFileReference; fileEncoding = 4; lastKnownFileType = sourcecode.c.objc; path = ESSLandingPageView.m; sourceTree = "<group>"; };
		FADF842B1917FBED00D7E7D4 /* ESSLandingPageModel.h */ = {isa = PBXFileReference; fileEncoding = 4; lastKnownFileType = sourcecode.c.h; path = ESSLandingPageModel.h; sourceTree = "<group>"; };
		FADF842C1917FBED00D7E7D4 /* ESSLandingPageModel.m */ = {isa = PBXFileReference; fileEncoding = 4; lastKnownFileType = sourcecode.c.objc; path = ESSLandingPageModel.m; sourceTree = "<group>"; };
		FADF842E1918054B00D7E7D4 /* ESSLandingPageViewControllerTests.m */ = {isa = PBXFileReference; fileEncoding = 4; lastKnownFileType = sourcecode.c.objc; path = ESSLandingPageViewControllerTests.m; sourceTree = "<group>"; };
		FADF84301918089600D7E7D4 /* ESSLandingPageModelTests.m */ = {isa = PBXFileReference; fileEncoding = 4; lastKnownFileType = sourcecode.c.objc; path = ESSLandingPageModelTests.m; sourceTree = "<group>"; };
/* End PBXFileReference section */

/* Begin PBXFrameworksBuildPhase section */
		FAB1B51418FF6A8C00497467 /* Frameworks */ = {
			isa = PBXFrameworksBuildPhase;
			buildActionMask = 2147483647;
			files = (
				FAB1B51D18FF6A8C00497467 /* CoreGraphics.framework in Frameworks */,
				FAB1B52118FF6A8C00497467 /* CoreData.framework in Frameworks */,
				FAB1B51F18FF6A8C00497467 /* UIKit.framework in Frameworks */,
				FADF84191914104E00D7E7D4 /* libOCMock.a in Frameworks */,
				FAB1B58118FF7B7F00497467 /* Spotify.framework in Frameworks */,
				FAB1B51B18FF6A8C00497467 /* Foundation.framework in Frameworks */,
			);
			runOnlyForDeploymentPostprocessing = 0;
		};
		FAB1B53418FF6A8C00497467 /* Frameworks */ = {
			isa = PBXFrameworksBuildPhase;
			buildActionMask = 2147483647;
			files = (
				FADF84211914108300D7E7D4 /* libOCMock.a in Frameworks */,
				FAB1B53918FF6A8C00497467 /* XCTest.framework in Frameworks */,
				FAB1B53C18FF6A8C00497467 /* CoreData.framework in Frameworks */,
				FAB1B53B18FF6A8C00497467 /* UIKit.framework in Frameworks */,
				FAB1B53A18FF6A8C00497467 /* Foundation.framework in Frameworks */,
			);
			runOnlyForDeploymentPostprocessing = 0;
		};
/* End PBXFrameworksBuildPhase section */

/* Begin PBXGroup section */
		FAB1B50E18FF6A8C00497467 = {
			isa = PBXGroup;
			children = (
				FAB1B52218FF6A8C00497467 /* Effective-Spotify-Server */,
				FAB1B53F18FF6A8C00497467 /* Effective-Spotify-ServerTests */,
				FAB1B51918FF6A8C00497467 /* Frameworks */,
				FAB1B51818FF6A8C00497467 /* Products */,
			);
			sourceTree = "<group>";
		};
		FAB1B51818FF6A8C00497467 /* Products */ = {
			isa = PBXGroup;
			children = (
				FAB1B51718FF6A8C00497467 /* Effective-Spotify-Server.app */,
				FAB1B53718FF6A8C00497467 /* Effective-Spotify-ServerTests.xctest */,
			);
			name = Products;
			sourceTree = "<group>";
		};
		FAB1B51918FF6A8C00497467 /* Frameworks */ = {
			isa = PBXGroup;
			children = (
				FADF841A1914105D00D7E7D4 /* OCMock */,
				FADF84181914104E00D7E7D4 /* libOCMock.a */,
				FAB1B58018FF7B7F00497467 /* Spotify.framework */,
				FAB1B54F18FF77A400497467 /* Mongoose Wrapper */,
				FAB1B51A18FF6A8C00497467 /* Foundation.framework */,
				FAB1B51C18FF6A8C00497467 /* CoreGraphics.framework */,
				FAB1B51E18FF6A8C00497467 /* UIKit.framework */,
				FAB1B52018FF6A8C00497467 /* CoreData.framework */,
				FAB1B53818FF6A8C00497467 /* XCTest.framework */,
			);
			name = Frameworks;
			sourceTree = "<group>";
		};
		FAB1B52218FF6A8C00497467 /* Effective-Spotify-Server */ = {
			isa = PBXGroup;
			children = (
				FADF84241917FAE200D7E7D4 /* Landing Page */,
				FAB1B58218FF809400497467 /* Server */,
				FAB1B52B18FF6A8C00497467 /* ESSAppDelegate.h */,
				FAB1B52C18FF6A8C00497467 /* ESSAppDelegate.m */,
				FAB1B53118FF6A8C00497467 /* Images.xcassets */,
				FAB1B52E18FF6A8C00497467 /* Effective_Spotify_Server.xcdatamodeld */,
				FAB1B52318FF6A8C00497467 /* Supporting Files */,
				FADF84221914113F00D7E7D4 /* Main.storyboard */,
			);
			path = "Effective-Spotify-Server";
			sourceTree = "<group>";
		};
		FAB1B52318FF6A8C00497467 /* Supporting Files */ = {
			isa = PBXGroup;
			children = (
				FAB1B52418FF6A8C00497467 /* Effective-Spotify-Server-Info.plist */,
				FAB1B52518FF6A8C00497467 /* InfoPlist.strings */,
				FAB1B52818FF6A8C00497467 /* main.m */,
				FAB1B52A18FF6A8C00497467 /* Effective-Spotify-Server-Prefix.pch */,
			);
			name = "Supporting Files";
			sourceTree = "<group>";
		};
		FAB1B53F18FF6A8C00497467 /* Effective-Spotify-ServerTests */ = {
			isa = PBXGroup;
			children = (
				FAB1B54518FF6A8C00497467 /* Effective_Spotify_ServerTests.m */,
				FAB1B54018FF6A8C00497467 /* Supporting Files */,
			);
			path = "Effective-Spotify-ServerTests";
			sourceTree = "<group>";
		};
		FAB1B54018FF6A8C00497467 /* Supporting Files */ = {
			isa = PBXGroup;
			children = (
				FAB1B54118FF6A8C00497467 /* Effective-Spotify-ServerTests-Info.plist */,
				FAB1B54218FF6A8C00497467 /* InfoPlist.strings */,
			);
			name = "Supporting Files";
			sourceTree = "<group>";
		};
		FAB1B54F18FF77A400497467 /* Mongoose Wrapper */ = {
			isa = PBXGroup;
			children = (
				FAB1B59018FF84E500497467 /* ImageServlet.h */,
				FAB1B59118FF84E500497467 /* ImageServlet.m */,
				FAB1B59418FF84E500497467 /* mongoose.c */,
				FAB1B59518FF84E500497467 /* mongoose.h */,
				FAB1B59618FF84E500497467 /* MongooseServer.h */,
				FAB1B59718FF84E500497467 /* MongooseServer.m */,
				FAB1B59E18FF84E500497467 /* Servlet.h */,
				FAB1B59F18FF84E500497467 /* Servlet.m */,
				FAB1B5A018FF84E500497467 /* ServletRequest.h */,
				FAB1B5A118FF84E500497467 /* ServletRequest.m */,
				FAB1B5A218FF84E500497467 /* ServletResponse.h */,
				FAB1B5A318FF84E500497467 /* ServletResponse.m */,
				FAB1B5A418FF84E500497467 /* UploadServlet.h */,
				FAB1B5A518FF84E500497467 /* UploadServlet.m */,
			);
			name = "Mongoose Wrapper";
			sourceTree = "<group>";
		};
		FAB1B58218FF809400497467 /* Server */ = {
			isa = PBXGroup;
			children = (
				FAB1B58318FF80B600497467 /* ESSServer.h */,
				FAB1B58418FF80B600497467 /* ESSServer.m */,
			);
			name = Server;
			sourceTree = "<group>";
		};
		FADF841A1914105D00D7E7D4 /* OCMock */ = {
			isa = PBXGroup;
			children = (
				FADF841B1914105D00D7E7D4 /* NSNotificationCenter+OCMAdditions.h */,
				FADF841C1914105D00D7E7D4 /* OCMArg.h */,
				FADF841D1914105D00D7E7D4 /* OCMConstraint.h */,
				FADF841E1914105D00D7E7D4 /* OCMock.h */,
				FADF841F1914105D00D7E7D4 /* OCMockObject.h */,
				FADF84201914105D00D7E7D4 /* OCMockRecorder.h */,
			);
			path = OCMock;
			sourceTree = "<group>";
		};
		FADF84241917FAE200D7E7D4 /* Landing Page */ = {
			isa = PBXGroup;
			children = (
				FADF84251917FB1A00D7E7D4 /* ESSLandingPageViewController.h */,
				FADF84261917FB1A00D7E7D4 /* ESSLandingPageViewController.m */,
				FADF842E1918054B00D7E7D4 /* ESSLandingPageViewControllerTests.m */,
				FADF84281917FB3500D7E7D4 /* ESSLandingPageView.h */,
				FADF84291917FB3500D7E7D4 /* ESSLandingPageView.m */,
				FADF842B1917FBED00D7E7D4 /* ESSLandingPageModel.h */,
				FADF842C1917FBED00D7E7D4 /* ESSLandingPageModel.m */,
				FADF84301918089600D7E7D4 /* ESSLandingPageModelTests.m */,
			);
			name = "Landing Page";
			sourceTree = "<group>";
		};
/* End PBXGroup section */

/* Begin PBXNativeTarget section */
		FAB1B51618FF6A8C00497467 /* Effective-Spotify-Server */ = {
			isa = PBXNativeTarget;
			buildConfigurationList = FAB1B54918FF6A8C00497467 /* Build configuration list for PBXNativeTarget "Effective-Spotify-Server" */;
			buildPhases = (
				FAB1B51318FF6A8C00497467 /* Sources */,
				FAB1B51418FF6A8C00497467 /* Frameworks */,
				FAB1B51518FF6A8C00497467 /* Resources */,
			);
			buildRules = (
			);
			dependencies = (
			);
			name = "Effective-Spotify-Server";
			productName = "Effective-Spotify-Server";
			productReference = FAB1B51718FF6A8C00497467 /* Effective-Spotify-Server.app */;
			productType = "com.apple.product-type.application";
		};
		FAB1B53618FF6A8C00497467 /* Effective-Spotify-ServerTests */ = {
			isa = PBXNativeTarget;
			buildConfigurationList = FAB1B54C18FF6A8C00497467 /* Build configuration list for PBXNativeTarget "Effective-Spotify-ServerTests" */;
			buildPhases = (
				FAB1B53318FF6A8C00497467 /* Sources */,
				FAB1B53418FF6A8C00497467 /* Frameworks */,
				FAB1B53518FF6A8C00497467 /* Resources */,
			);
			buildRules = (
			);
			dependencies = (
				FAB1B53E18FF6A8C00497467 /* PBXTargetDependency */,
			);
			name = "Effective-Spotify-ServerTests";
			productName = "Effective-Spotify-ServerTests";
			productReference = FAB1B53718FF6A8C00497467 /* Effective-Spotify-ServerTests.xctest */;
			productType = "com.apple.product-type.bundle.unit-test";
		};
/* End PBXNativeTarget section */

/* Begin PBXProject section */
		FAB1B50F18FF6A8C00497467 /* Project object */ = {
			isa = PBXProject;
			attributes = {
				CLASSPREFIX = ESS;
				LastUpgradeCheck = 0510;
				ORGANIZATIONNAME = "Effective Programming";
				TargetAttributes = {
					FAB1B53618FF6A8C00497467 = {
						TestTargetID = FAB1B51618FF6A8C00497467;
					};
				};
			};
			buildConfigurationList = FAB1B51218FF6A8C00497467 /* Build configuration list for PBXProject "Effective-Spotify-Server" */;
			compatibilityVersion = "Xcode 3.2";
			developmentRegion = English;
			hasScannedForEncodings = 0;
			knownRegions = (
				en,
			);
			mainGroup = FAB1B50E18FF6A8C00497467;
			productRefGroup = FAB1B51818FF6A8C00497467 /* Products */;
			projectDirPath = "";
			projectRoot = "";
			targets = (
				FAB1B51618FF6A8C00497467 /* Effective-Spotify-Server */,
				FAB1B53618FF6A8C00497467 /* Effective-Spotify-ServerTests */,
			);
		};
/* End PBXProject section */

/* Begin PBXResourcesBuildPhase section */
		FAB1B51518FF6A8C00497467 /* Resources */ = {
			isa = PBXResourcesBuildPhase;
			buildActionMask = 2147483647;
			files = (
				FADF84231914113F00D7E7D4 /* Main.storyboard in Resources */,
				FAB1B52718FF6A8C00497467 /* InfoPlist.strings in Resources */,
				FAB1B53218FF6A8C00497467 /* Images.xcassets in Resources */,
			);
			runOnlyForDeploymentPostprocessing = 0;
		};
		FAB1B53518FF6A8C00497467 /* Resources */ = {
			isa = PBXResourcesBuildPhase;
			buildActionMask = 2147483647;
			files = (
				FAB1B54418FF6A8C00497467 /* InfoPlist.strings in Resources */,
			);
			runOnlyForDeploymentPostprocessing = 0;
		};
/* End PBXResourcesBuildPhase section */

/* Begin PBXSourcesBuildPhase section */
		FAB1B51318FF6A8C00497467 /* Sources */ = {
			isa = PBXSourcesBuildPhase;
			buildActionMask = 2147483647;
			files = (
				FAB1B58518FF80B600497467 /* ESSServer.m in Sources */,
				FADF84271917FB1A00D7E7D4 /* ESSLandingPageViewController.m in Sources */,
				FAB1B5AE18FF84E500497467 /* MongooseServer.m in Sources */,
				FAB1B5AD18FF84E500497467 /* mongoose.c in Sources */,
				FAB1B5B418FF84E500497467 /* ServletResponse.m in Sources */,
				FAB1B53018FF6A8C00497467 /* Effective_Spotify_Server.xcdatamodeld in Sources */,
				FAB1B5B218FF84E500497467 /* Servlet.m in Sources */,
				FAB1B5AA18FF84E500497467 /* ImageServlet.m in Sources */,
				FADF842D1917FBED00D7E7D4 /* ESSLandingPageModel.m in Sources */,
				FAB1B5B518FF84E500497467 /* UploadServlet.m in Sources */,
				FADF842A1917FB3500D7E7D4 /* ESSLandingPageView.m in Sources */,
				FAB1B52D18FF6A8C00497467 /* ESSAppDelegate.m in Sources */,
				FAB1B5B318FF84E500497467 /* ServletRequest.m in Sources */,
				FAB1B52918FF6A8C00497467 /* main.m in Sources */,
			);
			runOnlyForDeploymentPostprocessing = 0;
		};
		FAB1B53318FF6A8C00497467 /* Sources */ = {
			isa = PBXSourcesBuildPhase;
			buildActionMask = 2147483647;
			files = (
				FADF84311918089600D7E7D4 /* ESSLandingPageModelTests.m in Sources */,
				FAB1B54618FF6A8C00497467 /* Effective_Spotify_ServerTests.m in Sources */,
				FADF842F1918054B00D7E7D4 /* ESSLandingPageViewControllerTests.m in Sources */,
			);
			runOnlyForDeploymentPostprocessing = 0;
		};
/* End PBXSourcesBuildPhase section */

/* Begin PBXTargetDependency section */
		FAB1B53E18FF6A8C00497467 /* PBXTargetDependency */ = {
			isa = PBXTargetDependency;
			target = FAB1B51618FF6A8C00497467 /* Effective-Spotify-Server */;
			targetProxy = FAB1B53D18FF6A8C00497467 /* PBXContainerItemProxy */;
		};
/* End PBXTargetDependency section */

/* Begin PBXVariantGroup section */
		FAB1B52518FF6A8C00497467 /* InfoPlist.strings */ = {
			isa = PBXVariantGroup;
			children = (
				FAB1B52618FF6A8C00497467 /* en */,
			);
			name = InfoPlist.strings;
			sourceTree = "<group>";
		};
		FAB1B54218FF6A8C00497467 /* InfoPlist.strings */ = {
			isa = PBXVariantGroup;
			children = (
				FAB1B54318FF6A8C00497467 /* en */,
			);
			name = InfoPlist.strings;
			sourceTree = "<group>";
		};
/* End PBXVariantGroup section */

/* Begin XCBuildConfiguration section */
		FAB1B54718FF6A8C00497467 /* Debug */ = {
			isa = XCBuildConfiguration;
			buildSettings = {
				ALWAYS_SEARCH_USER_PATHS = NO;
				CLANG_CXX_LANGUAGE_STANDARD = "gnu++0x";
				CLANG_CXX_LIBRARY = "libc++";
				CLANG_ENABLE_MODULES = YES;
				CLANG_ENABLE_OBJC_ARC = YES;
				CLANG_WARN_BOOL_CONVERSION = YES;
				CLANG_WARN_CONSTANT_CONVERSION = YES;
				CLANG_WARN_DIRECT_OBJC_ISA_USAGE = YES_ERROR;
				CLANG_WARN_EMPTY_BODY = YES;
				CLANG_WARN_ENUM_CONVERSION = YES;
				CLANG_WARN_INT_CONVERSION = YES;
				CLANG_WARN_OBJC_ROOT_CLASS = YES_ERROR;
				CLANG_WARN__DUPLICATE_METHOD_MATCH = YES;
				"CODE_SIGN_IDENTITY[sdk=iphoneos*]" = "iPhone Developer";
				COPY_PHASE_STRIP = NO;
				GCC_C_LANGUAGE_STANDARD = gnu99;
				GCC_DYNAMIC_NO_PIC = NO;
				GCC_OPTIMIZATION_LEVEL = 0;
				GCC_PREPROCESSOR_DEFINITIONS = (
					"DEBUG=1",
					"$(inherited)",
				);
				GCC_SYMBOLS_PRIVATE_EXTERN = NO;
				GCC_WARN_64_TO_32_BIT_CONVERSION = YES;
				GCC_WARN_ABOUT_RETURN_TYPE = YES_ERROR;
				GCC_WARN_UNDECLARED_SELECTOR = YES;
				GCC_WARN_UNINITIALIZED_AUTOS = YES_AGGRESSIVE;
				GCC_WARN_UNUSED_FUNCTION = YES;
				GCC_WARN_UNUSED_VARIABLE = YES;
				IPHONEOS_DEPLOYMENT_TARGET = 7.1;
				ONLY_ACTIVE_ARCH = YES;
				SDKROOT = iphoneos;
				TARGETED_DEVICE_FAMILY = "1,2";
			};
			name = Debug;
		};
		FAB1B54818FF6A8C00497467 /* Release */ = {
			isa = XCBuildConfiguration;
			buildSettings = {
				ALWAYS_SEARCH_USER_PATHS = NO;
				CLANG_CXX_LANGUAGE_STANDARD = "gnu++0x";
				CLANG_CXX_LIBRARY = "libc++";
				CLANG_ENABLE_MODULES = YES;
				CLANG_ENABLE_OBJC_ARC = YES;
				CLANG_WARN_BOOL_CONVERSION = YES;
				CLANG_WARN_CONSTANT_CONVERSION = YES;
				CLANG_WARN_DIRECT_OBJC_ISA_USAGE = YES_ERROR;
				CLANG_WARN_EMPTY_BODY = YES;
				CLANG_WARN_ENUM_CONVERSION = YES;
				CLANG_WARN_INT_CONVERSION = YES;
				CLANG_WARN_OBJC_ROOT_CLASS = YES_ERROR;
				CLANG_WARN__DUPLICATE_METHOD_MATCH = YES;
				"CODE_SIGN_IDENTITY[sdk=iphoneos*]" = "iPhone Developer";
				COPY_PHASE_STRIP = YES;
				ENABLE_NS_ASSERTIONS = NO;
				GCC_C_LANGUAGE_STANDARD = gnu99;
				GCC_WARN_64_TO_32_BIT_CONVERSION = YES;
				GCC_WARN_ABOUT_RETURN_TYPE = YES_ERROR;
				GCC_WARN_UNDECLARED_SELECTOR = YES;
				GCC_WARN_UNINITIALIZED_AUTOS = YES_AGGRESSIVE;
				GCC_WARN_UNUSED_FUNCTION = YES;
				GCC_WARN_UNUSED_VARIABLE = YES;
				IPHONEOS_DEPLOYMENT_TARGET = 7.1;
				SDKROOT = iphoneos;
				TARGETED_DEVICE_FAMILY = "1,2";
				VALIDATE_PRODUCT = YES;
			};
			name = Release;
		};
		FAB1B54A18FF6A8C00497467 /* Debug */ = {
			isa = XCBuildConfiguration;
			buildSettings = {
				ASSETCATALOG_COMPILER_APPICON_NAME = AppIcon;
				ASSETCATALOG_COMPILER_LAUNCHIMAGE_NAME = LaunchImage;
				FRAMEWORK_SEARCH_PATHS = (
					"$(inherited)",
					"$(PROJECT_DIR)",
				);
				GCC_PRECOMPILE_PREFIX_HEADER = YES;
				GCC_PREFIX_HEADER = "Effective-Spotify-Server/Effective-Spotify-Server-Prefix.pch";
				INFOPLIST_FILE = "Effective-Spotify-Server/Effective-Spotify-Server-Info.plist";
				LIBRARY_SEARCH_PATHS = (
					"$(inherited)",
					"$(PROJECT_DIR)",
				);
				PRODUCT_NAME = "$(TARGET_NAME)";
				WRAPPER_EXTENSION = app;
			};
			name = Debug;
		};
		FAB1B54B18FF6A8C00497467 /* Release */ = {
			isa = XCBuildConfiguration;
			buildSettings = {
				ASSETCATALOG_COMPILER_APPICON_NAME = AppIcon;
				ASSETCATALOG_COMPILER_LAUNCHIMAGE_NAME = LaunchImage;
				FRAMEWORK_SEARCH_PATHS = (
					"$(inherited)",
					"$(PROJECT_DIR)",
				);
				GCC_PRECOMPILE_PREFIX_HEADER = YES;
				GCC_PREFIX_HEADER = "Effective-Spotify-Server/Effective-Spotify-Server-Prefix.pch";
				INFOPLIST_FILE = "Effective-Spotify-Server/Effective-Spotify-Server-Info.plist";
				LIBRARY_SEARCH_PATHS = (
					"$(inherited)",
					"$(PROJECT_DIR)",
				);
				PRODUCT_NAME = "$(TARGET_NAME)";
				WRAPPER_EXTENSION = app;
			};
			name = Release;
		};
		FAB1B54D18FF6A8C00497467 /* Debug */ = {
			isa = XCBuildConfiguration;
			buildSettings = {
				BUNDLE_LOADER = "$(BUILT_PRODUCTS_DIR)/Effective-Spotify-Server.app/Effective-Spotify-Server";
				FRAMEWORK_SEARCH_PATHS = (
					"$(SDKROOT)/Developer/Library/Frameworks",
					"$(inherited)",
					"$(DEVELOPER_FRAMEWORKS_DIR)",
				);
				GCC_PRECOMPILE_PREFIX_HEADER = YES;
				GCC_PREFIX_HEADER = "Effective-Spotify-Server/Effective-Spotify-Server-Prefix.pch";
				GCC_PREPROCESSOR_DEFINITIONS = (
					"DEBUG=1",
					"$(inherited)",
				);
				HEADER_SEARCH_PATHS = (
					"$(inherited)",
					/Applications/Xcode.app/Contents/Developer/Toolchains/XcodeDefault.xctoolchain/usr/include,
					"$(SRCROOT)/**",
				);
				INFOPLIST_FILE = "Effective-Spotify-ServerTests/Effective-Spotify-ServerTests-Info.plist";
				LIBRARY_SEARCH_PATHS = (
					"$(inherited)",
					"$(PROJECT_DIR)",
				);
				OTHER_LDFLAGS = (
					"$(inherited)",
					"-framework",
					XCTest,
					"-ObjC",
					"-all_load",
				);
				PRODUCT_NAME = "$(TARGET_NAME)";
				TEST_HOST = "$(BUNDLE_LOADER)";
				WRAPPER_EXTENSION = xctest;
			};
			name = Debug;
		};
		FAB1B54E18FF6A8C00497467 /* Release */ = {
			isa = XCBuildConfiguration;
			buildSettings = {
				BUNDLE_LOADER = "$(BUILT_PRODUCTS_DIR)/Effective-Spotify-Server.app/Effective-Spotify-Server";
				FRAMEWORK_SEARCH_PATHS = (
					"$(SDKROOT)/Developer/Library/Frameworks",
					"$(inherited)",
					"$(DEVELOPER_FRAMEWORKS_DIR)",
				);
				GCC_PRECOMPILE_PREFIX_HEADER = YES;
				GCC_PREFIX_HEADER = "Effective-Spotify-Server/Effective-Spotify-Server-Prefix.pch";
				HEADER_SEARCH_PATHS = (
					"$(inherited)",
					/Applications/Xcode.app/Contents/Developer/Toolchains/XcodeDefault.xctoolchain/usr/include,
					"$(SRCROOT)/**",
				);
				INFOPLIST_FILE = "Effective-Spotify-ServerTests/Effective-Spotify-ServerTests-Info.plist";
				LIBRARY_SEARCH_PATHS = (
					"$(inherited)",
					"$(PROJECT_DIR)",
				);
				OTHER_LDFLAGS = (
					"$(inherited)",
					"-framework",
					XCTest,
					"-ObjC",
					"-all_load",
				);
				PRODUCT_NAME = "$(TARGET_NAME)";
				TEST_HOST = "$(BUNDLE_LOADER)";
				WRAPPER_EXTENSION = xctest;
			};
			name = Release;
		};
/* End XCBuildConfiguration section */

/* Begin XCConfigurationList section */
		FAB1B51218FF6A8C00497467 /* Build configuration list for PBXProject "Effective-Spotify-Server" */ = {
			isa = XCConfigurationList;
			buildConfigurations = (
				FAB1B54718FF6A8C00497467 /* Debug */,
				FAB1B54818FF6A8C00497467 /* Release */,
			);
			defaultConfigurationIsVisible = 0;
			defaultConfigurationName = Release;
		};
		FAB1B54918FF6A8C00497467 /* Build configuration list for PBXNativeTarget "Effective-Spotify-Server" */ = {
			isa = XCConfigurationList;
			buildConfigurations = (
				FAB1B54A18FF6A8C00497467 /* Debug */,
				FAB1B54B18FF6A8C00497467 /* Release */,
			);
			defaultConfigurationIsVisible = 0;
			defaultConfigurationName = Release;
		};
		FAB1B54C18FF6A8C00497467 /* Build configuration list for PBXNativeTarget "Effective-Spotify-ServerTests" */ = {
			isa = XCConfigurationList;
			buildConfigurations = (
				FAB1B54D18FF6A8C00497467 /* Debug */,
				FAB1B54E18FF6A8C00497467 /* Release */,
			);
			defaultConfigurationIsVisible = 0;
			defaultConfigurationName = Release;
		};
/* End XCConfigurationList section */

/* Begin XCVersionGroup section */
		FAB1B52E18FF6A8C00497467 /* Effective_Spotify_Server.xcdatamodeld */ = {
			isa = XCVersionGroup;
			children = (
				FAB1B52F18FF6A8C00497467 /* Effective_Spotify_Server.xcdatamodel */,
			);
			currentVersion = FAB1B52F18FF6A8C00497467 /* Effective_Spotify_Server.xcdatamodel */;
			path = Effective_Spotify_Server.xcdatamodeld;
			sourceTree = "<group>";
			versionGroupType = wrapper.xcdatamodel;
		};
/* End XCVersionGroup section */
	};
	rootObject = FAB1B50F18FF6A8C00497467 /* Project object */;
}
